
Microsoft Visual Studio Solution File, Format Version 12.00
# Visual Studio 2012
Project("{FAE04EC0-301F-11D3-BF4B-00C04F79EFBC}") = "PatrioChatSupport", "PatrioChatSupport\PatrioChatSupport.csproj", "{8B75C816-3A9D-48EC-B387-9766F7347518}"
EndProject
Global
	GlobalSection(SolutionConfigurationPlatforms) = preSolution
		Debug|Any CPU = Debug|Any CPU
		Release|Any CPU = Release|Any CPU
	EndGlobalSection
	GlobalSection(ProjectConfigurationPlatforms) = postSolution
		{8B75C816-3A9D-48EC-B387-9766F7347518}.Debug|Any CPU.ActiveCfg = Debug|Any CPU
		{8B75C816-3A9D-48EC-B387-9766F7347518}.Debug|Any CPU.Build.0 = Debug|Any CPU
		{8B75C816-3A9D-48EC-B387-9766F7347518}.Release|Any CPU.ActiveCfg = Release|Any CPU
		{8B75C816-3A9D-48EC-B387-9766F7347518}.Release|Any CPU.Build.0 = Release|Any CPU
	EndGlobalSection
EndGlobal
